# This file is automatically @generated by Cargo.
# It is not intended for manual editing.
version = 4

[[package]]
name = "archery"
version = "1.2.1"
source = "registry+https://github.com/rust-lang/crates.io-index"
checksum = "eae2ed21cd55021f05707a807a5fc85695dafb98832921f6cfa06db67ca5b869"
dependencies = [
 "triomphe",
]

[[package]]
name = "rpds"
version = "1.1.0"
source = "registry+https://github.com/rust-lang/crates.io-index"
checksum = "a0e15515d3ce3313324d842629ea4905c25a13f81953eadb88f85516f59290a4"
dependencies = [
 "archery",
]

[[package]]
name = "triomphe"
version = "0.1.14"
source = "registry+https://github.com/rust-lang/crates.io-index"
checksum = "ef8f7726da4807b58ea5c96fdc122f80702030edc33b35aff9190a51148ccc85"

[[package]]
name = "with-rpds"
version = "0.1.0"
dependencies = [
 "rpds",
]
